// !$*UTF8*$!
{
	archiveVersion = 1;
	classes = {
	};
	objectVersion = 56;
	objects = {

/* Begin PBXBuildFile section */
		A09D8B552A2FC0530082EFC0 /* AppDelegate.swift in Sources */ = {isa = PBXBuildFile; fileRef = A09D8B542A2FC0530082EFC0 /* AppDelegate.swift */; };
		A09D8B572A2FC0530082EFC0 /* SceneDelegate.swift in Sources */ = {isa = PBXBuildFile; fileRef = A09D8B562A2FC0530082EFC0 /* SceneDelegate.swift */; };
		A09D8B592A2FC0530082EFC0 /* RMTabBarController.swift in Sources */ = {isa = PBXBuildFile; fileRef = A09D8B582A2FC0530082EFC0 /* RMTabBarController.swift */; };
		A09D8B5E2A2FC0540082EFC0 /* Assets.xcassets in Resources */ = {isa = PBXBuildFile; fileRef = A09D8B5D2A2FC0540082EFC0 /* Assets.xcassets */; };
		A09D8B612A2FC0540082EFC0 /* LaunchScreen.storyboard in Resources */ = {isa = PBXBuildFile; fileRef = A09D8B5F2A2FC0540082EFC0 /* LaunchScreen.storyboard */; };
		A09D8B702A2FC52B0082EFC0 /* RMLocation.swift in Sources */ = {isa = PBXBuildFile; fileRef = A09D8B6F2A2FC52B0082EFC0 /* RMLocation.swift */; };
		A09D8B722A2FC53C0082EFC0 /* RMCharacter.swift in Sources */ = {isa = PBXBuildFile; fileRef = A09D8B712A2FC53C0082EFC0 /* RMCharacter.swift */; };
		A09D8B742A2FC5470082EFC0 /* RMEpisode.swift in Sources */ = {isa = PBXBuildFile; fileRef = A09D8B732A2FC5470082EFC0 /* RMEpisode.swift */; };
		A09D8B772A2FC5E80082EFC0 /* RMCharacterViewController.swift in Sources */ = {isa = PBXBuildFile; fileRef = A09D8B762A2FC5E80082EFC0 /* RMCharacterViewController.swift */; };
		A09D8B792A2FC5FC0082EFC0 /* RMLocationViewController.swift in Sources */ = {isa = PBXBuildFile; fileRef = A09D8B782A2FC5FC0082EFC0 /* RMLocationViewController.swift */; };
		A09D8B7B2A2FC6080082EFC0 /* RMEpisodeViewController.swift in Sources */ = {isa = PBXBuildFile; fileRef = A09D8B7A2A2FC6080082EFC0 /* RMEpisodeViewController.swift */; };
		A09D8B7D2A2FC6260082EFC0 /* RMSettingsViewController.swift in Sources */ = {isa = PBXBuildFile; fileRef = A09D8B7C2A2FC6260082EFC0 /* RMSettingsViewController.swift */; };
		A09D8B802A3003180082EFC0 /* RMService.swift in Sources */ = {isa = PBXBuildFile; fileRef = A09D8B7F2A3003180082EFC0 /* RMService.swift */; };
		A09D8B822A3003280082EFC0 /* RMRequest.swift in Sources */ = {isa = PBXBuildFile; fileRef = A09D8B812A3003280082EFC0 /* RMRequest.swift */; };
		A09D8B842A3003EA0082EFC0 /* RMEndpoint.swift in Sources */ = {isa = PBXBuildFile; fileRef = A09D8B832A3003EA0082EFC0 /* RMEndpoint.swift */; };
		A09D8BA42A30E3E20082EFC0 /* RMOrigin.swift in Sources */ = {isa = PBXBuildFile; fileRef = A09D8BA32A30E3E10082EFC0 /* RMOrigin.swift */; };
		A09D8BA62A30E46F0082EFC0 /* RMSingleLocation.swift in Sources */ = {isa = PBXBuildFile; fileRef = A09D8BA52A30E46F0082EFC0 /* RMSingleLocation.swift */; };
		A09D8BA82A30E56E0082EFC0 /* RMCharacterStatus.swift in Sources */ = {isa = PBXBuildFile; fileRef = A09D8BA72A30E56E0082EFC0 /* RMCharacterStatus.swift */; };
		A09D8BAA2A30E5EA0082EFC0 /* RMCharacterGender.swift in Sources */ = {isa = PBXBuildFile; fileRef = A09D8BA92A30E5EA0082EFC0 /* RMCharacterGender.swift */; };
/* End PBXBuildFile section */

/* Begin PBXFileReference section */
		A09D8B512A2FC0530082EFC0 /* RickAndMorty.app */ = {isa = PBXFileReference; explicitFileType = wrapper.application; includeInIndex = 0; path = RickAndMorty.app; sourceTree = BUILT_PRODUCTS_DIR; };
		A09D8B542A2FC0530082EFC0 /* AppDelegate.swift */ = {isa = PBXFileReference; lastKnownFileType = sourcecode.swift; path = AppDelegate.swift; sourceTree = "<group>"; };
		A09D8B562A2FC0530082EFC0 /* SceneDelegate.swift */ = {isa = PBXFileReference; lastKnownFileType = sourcecode.swift; path = SceneDelegate.swift; sourceTree = "<group>"; };
		A09D8B582A2FC0530082EFC0 /* RMTabBarController.swift */ = {isa = PBXFileReference; lastKnownFileType = sourcecode.swift; path = RMTabBarController.swift; sourceTree = "<group>"; };
		A09D8B5D2A2FC0540082EFC0 /* Assets.xcassets */ = {isa = PBXFileReference; lastKnownFileType = folder.assetcatalog; path = Assets.xcassets; sourceTree = "<group>"; };
		A09D8B602A2FC0540082EFC0 /* Base */ = {isa = PBXFileReference; lastKnownFileType = file.storyboard; name = Base; path = Base.lproj/LaunchScreen.storyboard; sourceTree = "<group>"; };
		A09D8B622A2FC0540082EFC0 /* Info.plist */ = {isa = PBXFileReference; lastKnownFileType = text.plist.xml; path = Info.plist; sourceTree = "<group>"; };
		A09D8B6F2A2FC52B0082EFC0 /* RMLocation.swift */ = {isa = PBXFileReference; lastKnownFileType = sourcecode.swift; path = RMLocation.swift; sourceTree = "<group>"; };
		A09D8B712A2FC53C0082EFC0 /* RMCharacter.swift */ = {isa = PBXFileReference; lastKnownFileType = sourcecode.swift; path = RMCharacter.swift; sourceTree = "<group>"; };
		A09D8B732A2FC5470082EFC0 /* RMEpisode.swift */ = {isa = PBXFileReference; lastKnownFileType = sourcecode.swift; path = RMEpisode.swift; sourceTree = "<group>"; };
		A09D8B762A2FC5E80082EFC0 /* RMCharacterViewController.swift */ = {isa = PBXFileReference; lastKnownFileType = sourcecode.swift; path = RMCharacterViewController.swift; sourceTree = "<group>"; };
		A09D8B782A2FC5FC0082EFC0 /* RMLocationViewController.swift */ = {isa = PBXFileReference; lastKnownFileType = sourcecode.swift; path = RMLocationViewController.swift; sourceTree = "<group>"; };
		A09D8B7A2A2FC6080082EFC0 /* RMEpisodeViewController.swift */ = {isa = PBXFileReference; lastKnownFileType = sourcecode.swift; path = RMEpisodeViewController.swift; sourceTree = "<group>"; };
		A09D8B7C2A2FC6260082EFC0 /* RMSettingsViewController.swift */ = {isa = PBXFileReference; lastKnownFileType = sourcecode.swift; path = RMSettingsViewController.swift; sourceTree = "<group>"; };
		A09D8B7F2A3003180082EFC0 /* RMService.swift */ = {isa = PBXFileReference; lastKnownFileType = sourcecode.swift; path = RMService.swift; sourceTree = "<group>"; };
		A09D8B812A3003280082EFC0 /* RMRequest.swift */ = {isa = PBXFileReference; lastKnownFileType = sourcecode.swift; path = RMRequest.swift; sourceTree = "<group>"; };
		A09D8B832A3003EA0082EFC0 /* RMEndpoint.swift */ = {isa = PBXFileReference; lastKnownFileType = sourcecode.swift; path = RMEndpoint.swift; sourceTree = "<group>"; };
		A09D8BA32A30E3E10082EFC0 /* RMOrigin.swift */ = {isa = PBXFileReference; lastKnownFileType = sourcecode.swift; path = RMOrigin.swift; sourceTree = "<group>"; };
		A09D8BA52A30E46F0082EFC0 /* RMSingleLocation.swift */ = {isa = PBXFileReference; lastKnownFileType = sourcecode.swift; path = RMSingleLocation.swift; sourceTree = "<group>"; };
		A09D8BA72A30E56E0082EFC0 /* RMCharacterStatus.swift */ = {isa = PBXFileReference; lastKnownFileType = sourcecode.swift; path = RMCharacterStatus.swift; sourceTree = "<group>"; };
		A09D8BA92A30E5EA0082EFC0 /* RMCharacterGender.swift */ = {isa = PBXFileReference; lastKnownFileType = sourcecode.swift; path = RMCharacterGender.swift; sourceTree = "<group>"; };
/* End PBXFileReference section */

/* Begin PBXFrameworksBuildPhase section */
		A09D8B4E2A2FC0530082EFC0 /* Frameworks */ = {
			isa = PBXFrameworksBuildPhase;
			buildActionMask = 2147483647;
			files = (
			);
			runOnlyForDeploymentPostprocessing = 0;
		};
/* End PBXFrameworksBuildPhase section */

/* Begin PBXGroup section */
		A09D8B482A2FC0530082EFC0 = {
			isa = PBXGroup;
			children = (
				A09D8B532A2FC0530082EFC0 /* RickAndMorty */,
				A09D8B522A2FC0530082EFC0 /* Products */,
			);
			sourceTree = "<group>";
		};
		A09D8B522A2FC0530082EFC0 /* Products */ = {
			isa = PBXGroup;
			children = (
				A09D8B512A2FC0530082EFC0 /* RickAndMorty.app */,
			);
			name = Products;
			sourceTree = "<group>";
		};
		A09D8B532A2FC0530082EFC0 /* RickAndMorty */ = {
			isa = PBXGroup;
			children = (
				A09D8B6E2A2FC4880082EFC0 /* Resources */,
				A09D8B6D2A2FC4450082EFC0 /* Managers */,
				A09D8B6C2A2FC43C0082EFC0 /* APIClient */,
				A09D8B6A2A2FC4020082EFC0 /* ViewModels */,
				A09D8B6B2A2FC4160082EFC0 /* Views */,
				A09D8B692A2FC3EB0082EFC0 /* Models */,
				A09D8B682A2FC3C30082EFC0 /* Controllers */,
				A09D8B622A2FC0540082EFC0 /* Info.plist */,
			);
			path = RickAndMorty;
			sourceTree = "<group>";
		};
		A09D8B682A2FC3C30082EFC0 /* Controllers */ = {
			isa = PBXGroup;
			children = (
				A09D8B752A2FC5AE0082EFC0 /* Core */,
			);
			path = Controllers;
			sourceTree = "<group>";
		};
		A09D8B692A2FC3EB0082EFC0 /* Models */ = {
			isa = PBXGroup;
			children = (
				A09D8B712A2FC53C0082EFC0 /* RMCharacter.swift */,
				A09D8B6F2A2FC52B0082EFC0 /* RMLocation.swift */,
				A09D8B732A2FC5470082EFC0 /* RMEpisode.swift */,
				A09D8BA32A30E3E10082EFC0 /* RMOrigin.swift */,
				A09D8BA52A30E46F0082EFC0 /* RMSingleLocation.swift */,
				A09D8BA72A30E56E0082EFC0 /* RMCharacterStatus.swift */,
				A09D8BA92A30E5EA0082EFC0 /* RMCharacterGender.swift */,
			);
			path = Models;
			sourceTree = "<group>";
		};
		A09D8B6A2A2FC4020082EFC0 /* ViewModels */ = {
			isa = PBXGroup;
			children = (
			);
			path = ViewModels;
			sourceTree = "<group>";
		};
		A09D8B6B2A2FC4160082EFC0 /* Views */ = {
			isa = PBXGroup;
			children = (
			);
			path = Views;
			sourceTree = "<group>";
		};
		A09D8B6C2A2FC43C0082EFC0 /* APIClient */ = {
			isa = PBXGroup;
			children = (
				A09D8B7F2A3003180082EFC0 /* RMService.swift */,
				A09D8B812A3003280082EFC0 /* RMRequest.swift */,
				A09D8B832A3003EA0082EFC0 /* RMEndpoint.swift */,
			);
			path = APIClient;
			sourceTree = "<group>";
		};
		A09D8B6D2A2FC4450082EFC0 /* Managers */ = {
			isa = PBXGroup;
			children = (
			);
			path = Managers;
			sourceTree = "<group>";
		};
		A09D8B6E2A2FC4880082EFC0 /* Resources */ = {
			isa = PBXGroup;
			children = (
				A09D8B542A2FC0530082EFC0 /* AppDelegate.swift */,
				A09D8B562A2FC0530082EFC0 /* SceneDelegate.swift */,
				A09D8B5D2A2FC0540082EFC0 /* Assets.xcassets */,
				A09D8B5F2A2FC0540082EFC0 /* LaunchScreen.storyboard */,
			);
			path = Resources;
			sourceTree = "<group>";
		};
		A09D8B752A2FC5AE0082EFC0 /* Core */ = {
			isa = PBXGroup;
			children = (
				A09D8B582A2FC0530082EFC0 /* RMTabBarController.swift */,
				A09D8B762A2FC5E80082EFC0 /* RMCharacterViewController.swift */,
				A09D8B782A2FC5FC0082EFC0 /* RMLocationViewController.swift */,
				A09D8B7A2A2FC6080082EFC0 /* RMEpisodeViewController.swift */,
				A09D8B7C2A2FC6260082EFC0 /* RMSettingsViewController.swift */,
			);
			path = Core;
			sourceTree = "<group>";
		};
/* End PBXGroup section */

/* Begin PBXNativeTarget section */
		A09D8B502A2FC0530082EFC0 /* RickAndMorty */ = {
			isa = PBXNativeTarget;
			buildConfigurationList = A09D8B652A2FC0540082EFC0 /* Build configuration list for PBXNativeTarget "RickAndMorty" */;
			buildPhases = (
				A09D8B4D2A2FC0530082EFC0 /* Sources */,
				A09D8B4E2A2FC0530082EFC0 /* Frameworks */,
				A09D8B4F2A2FC0530082EFC0 /* Resources */,
			);
			buildRules = (
			);
			dependencies = (
			);
			name = RickAndMorty;
			productName = RickAndMorty;
			productReference = A09D8B512A2FC0530082EFC0 /* RickAndMorty.app */;
			productType = "com.apple.product-type.application";
		};
/* End PBXNativeTarget section */

/* Begin PBXProject section */
		A09D8B492A2FC0530082EFC0 /* Project object */ = {
			isa = PBXProject;
			attributes = {
				BuildIndependentTargetsInParallel = 1;
				LastSwiftUpdateCheck = 1420;
				LastUpgradeCheck = 1420;
				TargetAttributes = {
					A09D8B502A2FC0530082EFC0 = {
						CreatedOnToolsVersion = 14.2;
					};
				};
			};
			buildConfigurationList = A09D8B4C2A2FC0530082EFC0 /* Build configuration list for PBXProject "RickAndMorty" */;
			compatibilityVersion = "Xcode 14.0";
			developmentRegion = en;
			hasScannedForEncodings = 0;
			knownRegions = (
				en,
				Base,
			);
			mainGroup = A09D8B482A2FC0530082EFC0;
			productRefGroup = A09D8B522A2FC0530082EFC0 /* Products */;
			projectDirPath = "";
			projectRoot = "";
			targets = (
				A09D8B502A2FC0530082EFC0 /* RickAndMorty */,
			);
		};
/* End PBXProject section */

/* Begin PBXResourcesBuildPhase section */
		A09D8B4F2A2FC0530082EFC0 /* Resources */ = {
			isa = PBXResourcesBuildPhase;
			buildActionMask = 2147483647;
			files = (
				A09D8B612A2FC0540082EFC0 /* LaunchScreen.storyboard in Resources */,
				A09D8B5E2A2FC0540082EFC0 /* Assets.xcassets in Resources */,
			);
			runOnlyForDeploymentPostprocessing = 0;
		};
/* End PBXResourcesBuildPhase section */

/* Begin PBXSourcesBuildPhase section */
		A09D8B4D2A2FC0530082EFC0 /* Sources */ = {
			isa = PBXSourcesBuildPhase;
			buildActionMask = 2147483647;
			files = (
				A09D8BA42A30E3E20082EFC0 /* RMOrigin.swift in Sources */,
				A09D8BA62A30E46F0082EFC0 /* RMSingleLocation.swift in Sources */,
				A09D8BA82A30E56E0082EFC0 /* RMCharacterStatus.swift in Sources */,
				A09D8BAA2A30E5EA0082EFC0 /* RMCharacterGender.swift in Sources */,
				A09D8B792A2FC5FC0082EFC0 /* RMLocationViewController.swift in Sources */,
				A09D8B742A2FC5470082EFC0 /* RMEpisode.swift in Sources */,
				A09D8B592A2FC0530082EFC0 /* RMTabBarController.swift in Sources */,
				A09D8B7B2A2FC6080082EFC0 /* RMEpisodeViewController.swift in Sources */,
				A09D8B552A2FC0530082EFC0 /* AppDelegate.swift in Sources */,
				A09D8B572A2FC0530082EFC0 /* SceneDelegate.swift in Sources */,
				A09D8B7D2A2FC6260082EFC0 /* RMSettingsViewController.swift in Sources */,
				A09D8B802A3003180082EFC0 /* RMService.swift in Sources */,
				A09D8B702A2FC52B0082EFC0 /* RMLocation.swift in Sources */,
				A09D8B842A3003EA0082EFC0 /* RMEndpoint.swift in Sources */,
				A09D8B722A2FC53C0082EFC0 /* RMCharacter.swift in Sources */,
				A09D8B822A3003280082EFC0 /* RMRequest.swift in Sources */,
				A09D8B772A2FC5E80082EFC0 /* RMCharacterViewController.swift in Sources */,
			);
			runOnlyForDeploymentPostprocessing = 0;
		};
/* End PBXSourcesBuildPhase section */

/* Begin PBXVariantGroup section */
		A09D8B5F2A2FC0540082EFC0 /* LaunchScreen.storyboard */ = {
			isa = PBXVariantGroup;
			children = (
				A09D8B602A2FC0540082EFC0 /* Base */,
			);
			name = LaunchScreen.storyboard;
			sourceTree = "<group>";
		};
/* End PBXVariantGroup section */

/* Begin XCBuildConfiguration section */
		A09D8B632A2FC0540082EFC0 /* Debug */ = {
			isa = XCBuildConfiguration;
			buildSettings = {
				ALWAYS_SEARCH_USER_PATHS = NO;
				CLANG_ANALYZER_NONNULL = YES;
				CLANG_ANALYZER_NUMBER_OBJECT_CONVERSION = YES_AGGRESSIVE;
				CLANG_CXX_LANGUAGE_STANDARD = "gnu++20";
				CLANG_ENABLE_MODULES = YES;
				CLANG_ENABLE_OBJC_ARC = YES;
				CLANG_ENABLE_OBJC_WEAK = YES;
				CLANG_WARN_BLOCK_CAPTURE_AUTORELEASING = YES;
				CLANG_WARN_BOOL_CONVERSION = YES;
				CLANG_WARN_COMMA = YES;
				CLANG_WARN_CONSTANT_CONVERSION = YES;
				CLANG_WARN_DEPRECATED_OBJC_IMPLEMENTATIONS = YES;
				CLANG_WARN_DIRECT_OBJC_ISA_USAGE = YES_ERROR;
				CLANG_WARN_DOCUMENTATION_COMMENTS = YES;
				CLANG_WARN_EMPTY_BODY = YES;
				CLANG_WARN_ENUM_CONVERSION = YES;
				CLANG_WARN_INFINITE_RECURSION = YES;
				CLANG_WARN_INT_CONVERSION = YES;
				CLANG_WARN_NON_LITERAL_NULL_CONVERSION = YES;
				CLANG_WARN_OBJC_IMPLICIT_RETAIN_SELF = YES;
				CLANG_WARN_OBJC_LITERAL_CONVERSION = YES;
				CLANG_WARN_OBJC_ROOT_CLASS = YES_ERROR;
				CLANG_WARN_QUOTED_INCLUDE_IN_FRAMEWORK_HEADER = YES;
				CLANG_WARN_RANGE_LOOP_ANALYSIS = YES;
				CLANG_WARN_STRICT_PROTOTYPES = YES;
				CLANG_WARN_SUSPICIOUS_MOVE = YES;
				CLANG_WARN_UNGUARDED_AVAILABILITY = YES_AGGRESSIVE;
				CLANG_WARN_UNREACHABLE_CODE = YES;
				CLANG_WARN__DUPLICATE_METHOD_MATCH = YES;
				COPY_PHASE_STRIP = NO;
				DEBUG_INFORMATION_FORMAT = dwarf;
				ENABLE_STRICT_OBJC_MSGSEND = YES;
				ENABLE_TESTABILITY = YES;
				GCC_C_LANGUAGE_STANDARD = gnu11;
				GCC_DYNAMIC_NO_PIC = NO;
				GCC_NO_COMMON_BLOCKS = YES;
				GCC_OPTIMIZATION_LEVEL = 0;
				GCC_PREPROCESSOR_DEFINITIONS = (
					"DEBUG=1",
					"$(inherited)",
				);
				GCC_WARN_64_TO_32_BIT_CONVERSION = YES;
				GCC_WARN_ABOUT_RETURN_TYPE = YES_ERROR;
				GCC_WARN_UNDECLARED_SELECTOR = YES;
				GCC_WARN_UNINITIALIZED_AUTOS = YES_AGGRESSIVE;
				GCC_WARN_UNUSED_FUNCTION = YES;
				GCC_WARN_UNUSED_VARIABLE = YES;
				IPHONEOS_DEPLOYMENT_TARGET = 16.2;
				MTL_ENABLE_DEBUG_INFO = INCLUDE_SOURCE;
				MTL_FAST_MATH = YES;
				ONLY_ACTIVE_ARCH = YES;
				SDKROOT = iphoneos;
				SWIFT_ACTIVE_COMPILATION_CONDITIONS = DEBUG;
				SWIFT_OPTIMIZATION_LEVEL = "-Onone";
			};
			name = Debug;
		};
		A09D8B642A2FC0540082EFC0 /* Release */ = {
			isa = XCBuildConfiguration;
			buildSettings = {
				ALWAYS_SEARCH_USER_PATHS = NO;
				CLANG_ANALYZER_NONNULL = YES;
				CLANG_ANALYZER_NUMBER_OBJECT_CONVERSION = YES_AGGRESSIVE;
				CLANG_CXX_LANGUAGE_STANDARD = "gnu++20";
				CLANG_ENABLE_MODULES = YES;
				CLANG_ENABLE_OBJC_ARC = YES;
				CLANG_ENABLE_OBJC_WEAK = YES;
				CLANG_WARN_BLOCK_CAPTURE_AUTORELEASING = YES;
				CLANG_WARN_BOOL_CONVERSION = YES;
				CLANG_WARN_COMMA = YES;
				CLANG_WARN_CONSTANT_CONVERSION = YES;
				CLANG_WARN_DEPRECATED_OBJC_IMPLEMENTATIONS = YES;
				CLANG_WARN_DIRECT_OBJC_ISA_USAGE = YES_ERROR;
				CLANG_WARN_DOCUMENTATION_COMMENTS = YES;
				CLANG_WARN_EMPTY_BODY = YES;
				CLANG_WARN_ENUM_CONVERSION = YES;
				CLANG_WARN_INFINITE_RECURSION = YES;
				CLANG_WARN_INT_CONVERSION = YES;
				CLANG_WARN_NON_LITERAL_NULL_CONVERSION = YES;
				CLANG_WARN_OBJC_IMPLICIT_RETAIN_SELF = YES;
				CLANG_WARN_OBJC_LITERAL_CONVERSION = YES;
				CLANG_WARN_OBJC_ROOT_CLASS = YES_ERROR;
				CLANG_WARN_QUOTED_INCLUDE_IN_FRAMEWORK_HEADER = YES;
				CLANG_WARN_RANGE_LOOP_ANALYSIS = YES;
				CLANG_WARN_STRICT_PROTOTYPES = YES;
				CLANG_WARN_SUSPICIOUS_MOVE = YES;
				CLANG_WARN_UNGUARDED_AVAILABILITY = YES_AGGRESSIVE;
				CLANG_WARN_UNREACHABLE_CODE = YES;
				CLANG_WARN__DUPLICATE_METHOD_MATCH = YES;
				COPY_PHASE_STRIP = NO;
				DEBUG_INFORMATION_FORMAT = "dwarf-with-dsym";
				ENABLE_NS_ASSERTIONS = NO;
				ENABLE_STRICT_OBJC_MSGSEND = YES;
				GCC_C_LANGUAGE_STANDARD = gnu11;
				GCC_NO_COMMON_BLOCKS = YES;
				GCC_WARN_64_TO_32_BIT_CONVERSION = YES;
				GCC_WARN_ABOUT_RETURN_TYPE = YES_ERROR;
				GCC_WARN_UNDECLARED_SELECTOR = YES;
				GCC_WARN_UNINITIALIZED_AUTOS = YES_AGGRESSIVE;
				GCC_WARN_UNUSED_FUNCTION = YES;
				GCC_WARN_UNUSED_VARIABLE = YES;
				IPHONEOS_DEPLOYMENT_TARGET = 16.2;
				MTL_ENABLE_DEBUG_INFO = NO;
				MTL_FAST_MATH = YES;
				SDKROOT = iphoneos;
				SWIFT_COMPILATION_MODE = wholemodule;
				SWIFT_OPTIMIZATION_LEVEL = "-O";
				VALIDATE_PRODUCT = YES;
			};
			name = Release;
		};
		A09D8B662A2FC0540082EFC0 /* Debug */ = {
			isa = XCBuildConfiguration;
			buildSettings = {
				ASSETCATALOG_COMPILER_APPICON_NAME = AppIcon;
				ASSETCATALOG_COMPILER_GLOBAL_ACCENT_COLOR_NAME = AccentColor;
				CODE_SIGN_STYLE = Automatic;
				CURRENT_PROJECT_VERSION = 1;
				GENERATE_INFOPLIST_FILE = YES;
				INFOPLIST_FILE = RickAndMorty/Info.plist;
				INFOPLIST_KEY_UIApplicationSupportsIndirectInputEvents = YES;
				INFOPLIST_KEY_UILaunchStoryboardName = LaunchScreen;
				INFOPLIST_KEY_UISupportedInterfaceOrientations_iPad = "UIInterfaceOrientationPortrait UIInterfaceOrientationPortraitUpsideDown UIInterfaceOrientationLandscapeLeft UIInterfaceOrientationLandscapeRight";
				INFOPLIST_KEY_UISupportedInterfaceOrientations_iPhone = "UIInterfaceOrientationPortrait UIInterfaceOrientationLandscapeLeft UIInterfaceOrientationLandscapeRight";
				LD_RUNPATH_SEARCH_PATHS = (
					"$(inherited)",
					"@executable_path/Frameworks",
				);
				MARKETING_VERSION = 1.0;
				PRODUCT_BUNDLE_IDENTIFIER = merdevios.RickAndMorty;
				PRODUCT_NAME = "$(TARGET_NAME)";
				SWIFT_EMIT_LOC_STRINGS = YES;
				SWIFT_VERSION = 5.0;
				TARGETED_DEVICE_FAMILY = "1,2";
			};
			name = Debug;
		};
		A09D8B672A2FC0540082EFC0 /* Release */ = {
			isa = XCBuildConfiguration;
			buildSettings = {
				ASSETCATALOG_COMPILER_APPICON_NAME = AppIcon;
				ASSETCATALOG_COMPILER_GLOBAL_ACCENT_COLOR_NAME = AccentColor;
				CODE_SIGN_STYLE = Automatic;
				CURRENT_PROJECT_VERSION = 1;
				GENERATE_INFOPLIST_FILE = YES;
				INFOPLIST_FILE = RickAndMorty/Info.plist;
				INFOPLIST_KEY_UIApplicationSupportsIndirectInputEvents = YES;
				INFOPLIST_KEY_UILaunchStoryboardName = LaunchScreen;
				INFOPLIST_KEY_UISupportedInterfaceOrientations_iPad = "UIInterfaceOrientationPortrait UIInterfaceOrientationPortraitUpsideDown UIInterfaceOrientationLandscapeLeft UIInterfaceOrientationLandscapeRight";
				INFOPLIST_KEY_UISupportedInterfaceOrientations_iPhone = "UIInterfaceOrientationPortrait UIInterfaceOrientationLandscapeLeft UIInterfaceOrientationLandscapeRight";
				LD_RUNPATH_SEARCH_PATHS = (
					"$(inherited)",
					"@executable_path/Frameworks",
				);
				MARKETING_VERSION = 1.0;
				PRODUCT_BUNDLE_IDENTIFIER = merdevios.RickAndMorty;
				PRODUCT_NAME = "$(TARGET_NAME)";
				SWIFT_EMIT_LOC_STRINGS = YES;
				SWIFT_VERSION = 5.0;
				TARGETED_DEVICE_FAMILY = "1,2";
			};
			name = Release;
		};
/* End XCBuildConfiguration section */

/* Begin XCConfigurationList section */
		A09D8B4C2A2FC0530082EFC0 /* Build configuration list for PBXProject "RickAndMorty" */ = {
			isa = XCConfigurationList;
			buildConfigurations = (
				A09D8B632A2FC0540082EFC0 /* Debug */,
				A09D8B642A2FC0540082EFC0 /* Release */,
			);
			defaultConfigurationIsVisible = 0;
			defaultConfigurationName = Release;
		};
		A09D8B652A2FC0540082EFC0 /* Build configuration list for PBXNativeTarget "RickAndMorty" */ = {
			isa = XCConfigurationList;
			buildConfigurations = (
				A09D8B662A2FC0540082EFC0 /* Debug */,
				A09D8B672A2FC0540082EFC0 /* Release */,
			);
			defaultConfigurationIsVisible = 0;
			defaultConfigurationName = Release;
		};
/* End XCConfigurationList section */
	};
	rootObject = A09D8B492A2FC0530082EFC0 /* Project object */;
}
